PODS:
  - CocoaAsyncSocket (7.6.0)
  - KVOController (1.1.0)
  - ProtocolBuffers (1.9.11)

DEPENDENCIES:
  - CocoaAsyncSocket
  - KVOController (~> 1.1.0)
  - ProtocolBuffers (~> 1.9.10)

SPEC CHECKSUMS:
  CocoaAsyncSocket: b9d5589f07baf9de8f34cc25abd4fcba28f13805
  KVOController: 321b5fc59300fcaabd42c0f679baa7a27efbb2fd
  ProtocolBuffers: d509225eb2ea43d9582a59e94348fcf86e2abd65

PODFILE CHECKSUM: 10e2bad968fa0f0a59d77641152b5ca06676ff77

COCOAPODS: 1.1.1
