// !$*UTF8*$!
{
	archiveVersion = 1;
	classes = {
	};
	objectVersion = 46;
	objects = {

/* Begin PBXBuildFile section */
		1018595F1D797C7F006929D1 /* NSDictionary+KS.m in Sources */ = {isa = PBXBuildFile; fileRef = 1018595E1D797C7F006929D1 /* NSDictionary+KS.m */; };
		106759671D5855D600956128 /* AppDelegate.m in Sources */ = {isa = PBXBuildFile; fileRef = 106759661D5855D600956128 /* AppDelegate.m */; };
		1067596A1D5855D600956128 /* main.m in Sources */ = {isa = PBXBuildFile; fileRef = 106759691D5855D600956128 /* main.m */; };
		1067596D1D5855D600956128 /* ViewController.m in Sources */ = {isa = PBXBuildFile; fileRef = 1067596C1D5855D600956128 /* ViewController.m */; };
		1067596F1D5855D600956128 /* Assets.xcassets in Resources */ = {isa = PBXBuildFile; fileRef = 1067596E1D5855D600956128 /* Assets.xcassets */; };
		106759721D5855D600956128 /* Main.storyboard in Resources */ = {isa = PBXBuildFile; fileRef = 106759701D5855D600956128 /* Main.storyboard */; };
		106759951D588E4E00956128 /* Message.pb.m in Sources */ = {isa = PBXBuildFile; fileRef = 106759931D588E4E00956128 /* Message.pb.m */; };
		106759961D588E4E00956128 /* Message.proto in Resources */ = {isa = PBXBuildFile; fileRef = 106759941D588E4E00956128 /* Message.proto */; };
		1067599E1D59719300956128 /* MessageHandle.m in Sources */ = {isa = PBXBuildFile; fileRef = 1067599D1D59719300956128 /* MessageHandle.m */; };
		BFC14FD6A769957B21A52403 /* libPods-Server.a in Frameworks */ = {isa = PBXBuildFile; fileRef = 0947DF03D4B958E2E313C9A8 /* libPods-Server.a */; };
/* End PBXBuildFile section */

/* Begin PBXFileReference section */
		0947DF03D4B958E2E313C9A8 /* libPods-Server.a */ = {isa = PBXFileReference; explicitFileType = archive.ar; includeInIndex = 0; path = "libPods-Server.a"; sourceTree = BUILT_PRODUCTS_DIR; };
		1018595D1D797C7F006929D1 /* NSDictionary+KS.h */ = {isa = PBXFileReference; fileEncoding = 4; lastKnownFileType = sourcecode.c.h; path = "NSDictionary+KS.h"; sourceTree = "<group>"; };
		1018595E1D797C7F006929D1 /* NSDictionary+KS.m */ = {isa = PBXFileReference; fileEncoding = 4; lastKnownFileType = sourcecode.c.objc; path = "NSDictionary+KS.m"; sourceTree = "<group>"; };
		106759621D5855D600956128 /* Server.app */ = {isa = PBXFileReference; explicitFileType = wrapper.application; includeInIndex = 0; path = Server.app; sourceTree = BUILT_PRODUCTS_DIR; };
		106759651D5855D600956128 /* AppDelegate.h */ = {isa = PBXFileReference; lastKnownFileType = sourcecode.c.h; path = AppDelegate.h; sourceTree = "<group>"; };
		106759661D5855D600956128 /* AppDelegate.m */ = {isa = PBXFileReference; lastKnownFileType = sourcecode.c.objc; path = AppDelegate.m; sourceTree = "<group>"; };
		106759691D5855D600956128 /* main.m */ = {isa = PBXFileReference; lastKnownFileType = sourcecode.c.objc; path = main.m; sourceTree = "<group>"; };
		1067596B1D5855D600956128 /* ViewController.h */ = {isa = PBXFileReference; lastKnownFileType = sourcecode.c.h; path = ViewController.h; sourceTree = "<group>"; };
		1067596C1D5855D600956128 /* ViewController.m */ = {isa = PBXFileReference; lastKnownFileType = sourcecode.c.objc; path = ViewController.m; sourceTree = "<group>"; };
		1067596E1D5855D600956128 /* Assets.xcassets */ = {isa = PBXFileReference; lastKnownFileType = folder.assetcatalog; path = Assets.xcassets; sourceTree = "<group>"; };
		106759711D5855D600956128 /* Base */ = {isa = PBXFileReference; lastKnownFileType = file.storyboard; name = Base; path = Base.lproj/Main.storyboard; sourceTree = "<group>"; };
		106759731D5855D600956128 /* Info.plist */ = {isa = PBXFileReference; lastKnownFileType = text.plist.xml; path = Info.plist; sourceTree = "<group>"; };
		106759921D588E4E00956128 /* Message.pb.h */ = {isa = PBXFileReference; fileEncoding = 4; lastKnownFileType = sourcecode.c.h; path = Message.pb.h; sourceTree = "<group>"; };
		106759931D588E4E00956128 /* Message.pb.m */ = {isa = PBXFileReference; fileEncoding = 4; lastKnownFileType = sourcecode.c.objc; path = Message.pb.m; sourceTree = "<group>"; };
		106759941D588E4E00956128 /* Message.proto */ = {isa = PBXFileReference; fileEncoding = 4; lastKnownFileType = text; path = Message.proto; sourceTree = "<group>"; };
		1067599C1D59719300956128 /* MessageHandle.h */ = {isa = PBXFileReference; fileEncoding = 4; lastKnownFileType = sourcecode.c.h; path = MessageHandle.h; sourceTree = "<group>"; };
		1067599D1D59719300956128 /* MessageHandle.m */ = {isa = PBXFileReference; fileEncoding = 4; lastKnownFileType = sourcecode.c.objc; path = MessageHandle.m; sourceTree = "<group>"; };
		9EC9EAE7EAA30BE5919EBE28 /* Pods-Server.debug.xcconfig */ = {isa = PBXFileReference; includeInIndex = 1; lastKnownFileType = text.xcconfig; name = "Pods-Server.debug.xcconfig"; path = "Pods/Target Support Files/Pods-Server/Pods-Server.debug.xcconfig"; sourceTree = "<group>"; };
		B5EE453BAADF52462BC7B9A2 /* Pods-Server.release.xcconfig */ = {isa = PBXFileReference; includeInIndex = 1; lastKnownFileType = text.xcconfig; name = "Pods-Server.release.xcconfig"; path = "Pods/Target Support Files/Pods-Server/Pods-Server.release.xcconfig"; sourceTree = "<group>"; };
/* End PBXFileReference section */

/* Begin PBXFrameworksBuildPhase section */
		1067595F1D5855D600956128 /* Frameworks */ = {
			isa = PBXFrameworksBuildPhase;
			buildActionMask = 2147483647;
			files = (
				BFC14FD6A769957B21A52403 /* libPods-Server.a in Frameworks */,
			);
			runOnlyForDeploymentPostprocessing = 0;
		};
/* End PBXFrameworksBuildPhase section */

/* Begin PBXGroup section */
		1018595C1D797C7F006929D1 /* Category */ = {
			isa = PBXGroup;
			children = (
				1018595D1D797C7F006929D1 /* NSDictionary+KS.h */,
				1018595E1D797C7F006929D1 /* NSDictionary+KS.m */,
			);
			name = Category;
			path = ../../Category;
			sourceTree = "<group>";
		};
		106759591D5855D600956128 = {
			isa = PBXGroup;
			children = (
				106759641D5855D600956128 /* Server */,
				106759631D5855D600956128 /* Products */,
				4E1B621BB876522BDF0AA0C4 /* Pods */,
				8DB39E0D85F3C83D255A3248 /* Frameworks */,
			);
			sourceTree = "<group>";
		};
		106759631D5855D600956128 /* Products */ = {
			isa = PBXGroup;
			children = (
				106759621D5855D600956128 /* Server.app */,
			);
			name = Products;
			sourceTree = "<group>";
		};
		106759641D5855D600956128 /* Server */ = {
			isa = PBXGroup;
			children = (
				1018595C1D797C7F006929D1 /* Category */,
				106759911D588E4E00956128 /* PhotoBufferHandle */,
				1067596B1D5855D600956128 /* ViewController.h */,
				1067596C1D5855D600956128 /* ViewController.m */,
				106759681D5855D600956128 /* Supporting Files */,
			);
			path = Server;
			sourceTree = "<group>";
		};
		106759681D5855D600956128 /* Supporting Files */ = {
			isa = PBXGroup;
			children = (
				106759651D5855D600956128 /* AppDelegate.h */,
				106759661D5855D600956128 /* AppDelegate.m */,
				1067596E1D5855D600956128 /* Assets.xcassets */,
				106759701D5855D600956128 /* Main.storyboard */,
				106759731D5855D600956128 /* Info.plist */,
				106759691D5855D600956128 /* main.m */,
			);
			name = "Supporting Files";
			sourceTree = "<group>";
		};
		106759911D588E4E00956128 /* PhotoBufferHandle */ = {
			isa = PBXGroup;
			children = (
				106759921D588E4E00956128 /* Message.pb.h */,
				106759931D588E4E00956128 /* Message.pb.m */,
				106759941D588E4E00956128 /* Message.proto */,
				1067599C1D59719300956128 /* MessageHandle.h */,
				1067599D1D59719300956128 /* MessageHandle.m */,
			);
			name = PhotoBufferHandle;
			path = ../../PhotoBufferHandle;
			sourceTree = "<group>";
		};
		4E1B621BB876522BDF0AA0C4 /* Pods */ = {
			isa = PBXGroup;
			children = (
				9EC9EAE7EAA30BE5919EBE28 /* Pods-Server.debug.xcconfig */,
				B5EE453BAADF52462BC7B9A2 /* Pods-Server.release.xcconfig */,
			);
			name = Pods;
			sourceTree = "<group>";
		};
		8DB39E0D85F3C83D255A3248 /* Frameworks */ = {
			isa = PBXGroup;
			children = (
				0947DF03D4B958E2E313C9A8 /* libPods-Server.a */,
			);
			name = Frameworks;
			sourceTree = "<group>";
		};
/* End PBXGroup section */

/* Begin PBXNativeTarget section */
		106759611D5855D600956128 /* Server */ = {
			isa = PBXNativeTarget;
			buildConfigurationList = 106759761D5855D600956128 /* Build configuration list for PBXNativeTarget "Server" */;
			buildPhases = (
				C1466A66A629963E3EA84A45 /* [CP] Check Pods Manifest.lock */,
				1067595E1D5855D600956128 /* Sources */,
				1067595F1D5855D600956128 /* Frameworks */,
				106759601D5855D600956128 /* Resources */,
				3503493C9255981C85D15CBD /* [CP] Embed Pods Frameworks */,
				73730013A4B71C74659F4741 /* [CP] Copy Pods Resources */,
			);
			buildRules = (
			);
			dependencies = (
			);
			name = Server;
			productName = Server;
			productReference = 106759621D5855D600956128 /* Server.app */;
			productType = "com.apple.product-type.application";
		};
/* End PBXNativeTarget section */

/* Begin PBXProject section */
		1067595A1D5855D600956128 /* Project object */ = {
			isa = PBXProject;
			attributes = {
				LastUpgradeCheck = 0830;
				ORGANIZATIONNAME = SenKe;
				TargetAttributes = {
					106759611D5855D600956128 = {
						CreatedOnToolsVersion = 7.3.1;
					};
				};
			};
			buildConfigurationList = 1067595D1D5855D600956128 /* Build configuration list for PBXProject "Server" */;
			compatibilityVersion = "Xcode 3.2";
			developmentRegion = English;
			hasScannedForEncodings = 0;
			knownRegions = (
				en,
				Base,
			);
			mainGroup = 106759591D5855D600956128;
			productRefGroup = 106759631D5855D600956128 /* Products */;
			projectDirPath = "";
			projectRoot = "";
			targets = (
				106759611D5855D600956128 /* Server */,
			);
		};
/* End PBXProject section */

/* Begin PBXResourcesBuildPhase section */
		106759601D5855D600956128 /* Resources */ = {
			isa = PBXResourcesBuildPhase;
			buildActionMask = 2147483647;
			files = (
				106759961D588E4E00956128 /* Message.proto in Resources */,
				1067596F1D5855D600956128 /* Assets.xcassets in Resources */,
				106759721D5855D600956128 /* Main.storyboard in Resources */,
			);
			runOnlyForDeploymentPostprocessing = 0;
		};
/* End PBXResourcesBuildPhase section */

/* Begin PBXShellScriptBuildPhase section */
		3503493C9255981C85D15CBD /* [CP] Embed Pods Frameworks */ = {
			isa = PBXShellScriptBuildPhase;
			buildActionMask = 2147483647;
			files = (
			);
			inputPaths = (
			);
			name = "[CP] Embed Pods Frameworks";
			outputPaths = (
			);
			runOnlyForDeploymentPostprocessing = 0;
			shellPath = /bin/sh;
			shellScript = "\"${SRCROOT}/Pods/Target Support Files/Pods-Server/Pods-Server-frameworks.sh\"\n";
			showEnvVarsInLog = 0;
		};
		73730013A4B71C74659F4741 /* [CP] Copy Pods Resources */ = {
			isa = PBXShellScriptBuildPhase;
			buildActionMask = 2147483647;
			files = (
			);
			inputPaths = (
			);
			name = "[CP] Copy Pods Resources";
			outputPaths = (
			);
			runOnlyForDeploymentPostprocessing = 0;
			shellPath = /bin/sh;
			shellScript = "\"${SRCROOT}/Pods/Target Support Files/Pods-Server/Pods-Server-resources.sh\"\n";
			showEnvVarsInLog = 0;
		};
		C1466A66A629963E3EA84A45 /* [CP] Check Pods Manifest.lock */ = {
			isa = PBXShellScriptBuildPhase;
			buildActionMask = 2147483647;
			files = (
			);
			inputPaths = (
			);
			name = "[CP] Check Pods Manifest.lock";
			outputPaths = (
			);
			runOnlyForDeploymentPostprocessing = 0;
			shellPath = /bin/sh;
			shellScript = "diff \"${PODS_ROOT}/../Podfile.lock\" \"${PODS_ROOT}/Manifest.lock\" > /dev/null\nif [ $? != 0 ] ; then\n    # print error to STDERR\n    echo \"error: The sandbox is not in sync with the Podfile.lock. Run 'pod install' or update your CocoaPods installation.\" >&2\n    exit 1\nfi\n";
			showEnvVarsInLog = 0;
		};
/* End PBXShellScriptBuildPhase section */

/* Begin PBXSourcesBuildPhase section */
		1067595E1D5855D600956128 /* Sources */ = {
			isa = PBXSourcesBuildPhase;
			buildActionMask = 2147483647;
			files = (
				1018595F1D797C7F006929D1 /* NSDictionary+KS.m in Sources */,
				106759951D588E4E00956128 /* Message.pb.m in Sources */,
				1067596D1D5855D600956128 /* ViewController.m in Sources */,
				1067596A1D5855D600956128 /* main.m in Sources */,
				106759671D5855D600956128 /* AppDelegate.m in Sources */,
				1067599E1D59719300956128 /* MessageHandle.m in Sources */,
			);
			runOnlyForDeploymentPostprocessing = 0;
		};
/* End PBXSourcesBuildPhase section */

/* Begin PBXVariantGroup section */
		106759701D5855D600956128 /* Main.storyboard */ = {
			isa = PBXVariantGroup;
			children = (
				106759711D5855D600956128 /* Base */,
			);
			name = Main.storyboard;
			sourceTree = "<group>";
		};
/* End PBXVariantGroup section */

/* Begin XCBuildConfiguration section */
		106759741D5855D600956128 /* Debug */ = {
			isa = XCBuildConfiguration;
			buildSettings = {
				ALWAYS_SEARCH_USER_PATHS = NO;
				CLANG_ANALYZER_NONNULL = YES;
				CLANG_CXX_LANGUAGE_STANDARD = "gnu++0x";
				CLANG_CXX_LIBRARY = "libc++";
				CLANG_ENABLE_MODULES = YES;
				CLANG_ENABLE_OBJC_ARC = YES;
				CLANG_WARN_BOOL_CONVERSION = YES;
				CLANG_WARN_CONSTANT_CONVERSION = YES;
				CLANG_WARN_DIRECT_OBJC_ISA_USAGE = YES_ERROR;
				CLANG_WARN_EMPTY_BODY = YES;
				CLANG_WARN_ENUM_CONVERSION = YES;
				CLANG_WARN_INFINITE_RECURSION = YES;
				CLANG_WARN_INT_CONVERSION = YES;
				CLANG_WARN_OBJC_ROOT_CLASS = YES_ERROR;
				CLANG_WARN_SUSPICIOUS_MOVE = YES;
				CLANG_WARN_UNREACHABLE_CODE = YES;
				CLANG_WARN__DUPLICATE_METHOD_MATCH = YES;
				CODE_SIGN_IDENTITY = "-";
				COPY_PHASE_STRIP = NO;
				DEBUG_INFORMATION_FORMAT = dwarf;
				ENABLE_STRICT_OBJC_MSGSEND = YES;
				ENABLE_TESTABILITY = YES;
				GCC_C_LANGUAGE_STANDARD = gnu99;
				GCC_DYNAMIC_NO_PIC = NO;
				GCC_NO_COMMON_BLOCKS = YES;
				GCC_OPTIMIZATION_LEVEL = 0;
				GCC_PREPROCESSOR_DEFINITIONS = (
					"DEBUG=1",
					"$(inherited)",
				);
				GCC_WARN_64_TO_32_BIT_CONVERSION = YES;
				GCC_WARN_ABOUT_RETURN_TYPE = YES_ERROR;
				GCC_WARN_UNDECLARED_SELECTOR = YES;
				GCC_WARN_UNINITIALIZED_AUTOS = YES_AGGRESSIVE;
				GCC_WARN_UNUSED_FUNCTION = YES;
				GCC_WARN_UNUSED_VARIABLE = YES;
				MACOSX_DEPLOYMENT_TARGET = 10.11;
				MTL_ENABLE_DEBUG_INFO = YES;
				ONLY_ACTIVE_ARCH = YES;
				SDKROOT = macosx;
			};
			name = Debug;
		};
		106759751D5855D600956128 /* Release */ = {
			isa = XCBuildConfiguration;
			buildSettings = {
				ALWAYS_SEARCH_USER_PATHS = NO;
				CLANG_ANALYZER_NONNULL = YES;
				CLANG_CXX_LANGUAGE_STANDARD = "gnu++0x";
				CLANG_CXX_LIBRARY = "libc++";
				CLANG_ENABLE_MODULES = YES;
				CLANG_ENABLE_OBJC_ARC = YES;
				CLANG_WARN_BOOL_CONVERSION = YES;
				CLANG_WARN_CONSTANT_CONVERSION = YES;
				CLANG_WARN_DIRECT_OBJC_ISA_USAGE = YES_ERROR;
				CLANG_WARN_EMPTY_BODY = YES;
				CLANG_WARN_ENUM_CONVERSION = YES;
				CLANG_WARN_INFINITE_RECURSION = YES;
				CLANG_WARN_INT_CONVERSION = YES;
				CLANG_WARN_OBJC_ROOT_CLASS = YES_ERROR;
				CLANG_WARN_SUSPICIOUS_MOVE = YES;
				CLANG_WARN_UNREACHABLE_CODE = YES;
				CLANG_WARN__DUPLICATE_METHOD_MATCH = YES;
				CODE_SIGN_IDENTITY = "-";
				COPY_PHASE_STRIP = NO;
				DEBUG_INFORMATION_FORMAT = "dwarf-with-dsym";
				ENABLE_NS_ASSERTIONS = NO;
				ENABLE_STRICT_OBJC_MSGSEND = YES;
				GCC_C_LANGUAGE_STANDARD = gnu99;
				GCC_NO_COMMON_BLOCKS = YES;
				GCC_WARN_64_TO_32_BIT_CONVERSION = YES;
				GCC_WARN_ABOUT_RETURN_TYPE = YES_ERROR;
				GCC_WARN_UNDECLARED_SELECTOR = YES;
				GCC_WARN_UNINITIALIZED_AUTOS = YES_AGGRESSIVE;
				GCC_WARN_UNUSED_FUNCTION = YES;
				GCC_WARN_UNUSED_VARIABLE = YES;
				MACOSX_DEPLOYMENT_TARGET = 10.11;
				MTL_ENABLE_DEBUG_INFO = NO;
				SDKROOT = macosx;
			};
			name = Release;
		};
		106759771D5855D600956128 /* Debug */ = {
			isa = XCBuildConfiguration;
			baseConfigurationReference = 9EC9EAE7EAA30BE5919EBE28 /* Pods-Server.debug.xcconfig */;
			buildSettings = {
				ASSETCATALOG_COMPILER_APPICON_NAME = AppIcon;
				COMBINE_HIDPI_IMAGES = YES;
				INFOPLIST_FILE = Server/Info.plist;
				LD_RUNPATH_SEARCH_PATHS = "$(inherited) @executable_path/../Frameworks";
				PRODUCT_BUNDLE_IDENTIFIER = com.SenKe.Server;
				PRODUCT_NAME = "$(TARGET_NAME)";
			};
			name = Debug;
		};
		106759781D5855D600956128 /* Release */ = {
			isa = XCBuildConfiguration;
			baseConfigurationReference = B5EE453BAADF52462BC7B9A2 /* Pods-Server.release.xcconfig */;
			buildSettings = {
				ASSETCATALOG_COMPILER_APPICON_NAME = AppIcon;
				COMBINE_HIDPI_IMAGES = YES;
				INFOPLIST_FILE = Server/Info.plist;
				LD_RUNPATH_SEARCH_PATHS = "$(inherited) @executable_path/../Frameworks";
				PRODUCT_BUNDLE_IDENTIFIER = com.SenKe.Server;
				PRODUCT_NAME = "$(TARGET_NAME)";
			};
			name = Release;
		};
/* End XCBuildConfiguration section */

/* Begin XCConfigurationList section */
		1067595D1D5855D600956128 /* Build configuration list for PBXProject "Server" */ = {
			isa = XCConfigurationList;
			buildConfigurations = (
				106759741D5855D600956128 /* Debug */,
				106759751D5855D600956128 /* Release */,
			);
			defaultConfigurationIsVisible = 0;
			defaultConfigurationName = Release;
		};
		106759761D5855D600956128 /* Build configuration list for PBXNativeTarget "Server" */ = {
			isa = XCConfigurationList;
			buildConfigurations = (
				106759771D5855D600956128 /* Debug */,
				106759781D5855D600956128 /* Release */,
			);
			defaultConfigurationIsVisible = 0;
			defaultConfigurationName = Release;
		};
/* End XCConfigurationList section */
	};
	rootObject = 1067595A1D5855D600956128 /* Project object */;
}
