// !$*UTF8*$!
{
	archiveVersion = 1;
	classes = {
	};
	objectVersion = 46;
	objects = {

/* Begin PBXBuildFile section */
		1018595B1D797C79006929D1 /* NSDictionary+KS.m in Sources */ = {isa = PBXBuildFile; fileRef = 1018595A1D797C79006929D1 /* NSDictionary+KS.m */; };
		1067598F1D588E3C00956128 /* Message.pb.m in Sources */ = {isa = PBXBuildFile; fileRef = 1067598D1D588E3C00956128 /* Message.pb.m */; };
		106759901D588E3C00956128 /* Message.proto in Resources */ = {isa = PBXBuildFile; fileRef = 1067598E1D588E3C00956128 /* Message.proto */; };
		1067599B1D59715400956128 /* MessageHandle.m in Sources */ = {isa = PBXBuildFile; fileRef = 1067599A1D59715400956128 /* MessageHandle.m */; };
		1097CDDD1D910995006E6A3A /* KKGCDTimer.m in Sources */ = {isa = PBXBuildFile; fileRef = 1097CDDC1D910995006E6A3A /* KKGCDTimer.m */; };
		1097CDE01D91100D006E6A3A /* TCPConnectHandle.m in Sources */ = {isa = PBXBuildFile; fileRef = 1097CDDF1D91100D006E6A3A /* TCPConnectHandle.m */; };
		10B326AC1D2F38C400EE7ACF /* main.m in Sources */ = {isa = PBXBuildFile; fileRef = 10B326AB1D2F38C400EE7ACF /* main.m */; };
		10B326AF1D2F38C500EE7ACF /* AppDelegate.m in Sources */ = {isa = PBXBuildFile; fileRef = 10B326AE1D2F38C500EE7ACF /* AppDelegate.m */; };
		10B326B21D2F38C500EE7ACF /* ViewController.m in Sources */ = {isa = PBXBuildFile; fileRef = 10B326B11D2F38C500EE7ACF /* ViewController.m */; };
		10B326B51D2F38C500EE7ACF /* Main.storyboard in Resources */ = {isa = PBXBuildFile; fileRef = 10B326B31D2F38C500EE7ACF /* Main.storyboard */; };
		10B326B71D2F38C500EE7ACF /* Assets.xcassets in Resources */ = {isa = PBXBuildFile; fileRef = 10B326B61D2F38C500EE7ACF /* Assets.xcassets */; };
		10B326BA1D2F38C500EE7ACF /* LaunchScreen.storyboard in Resources */ = {isa = PBXBuildFile; fileRef = 10B326B81D2F38C500EE7ACF /* LaunchScreen.storyboard */; };
		2E15E79E1E4C2521005DBAF6 /* KKConnectSocketService.m in Sources */ = {isa = PBXBuildFile; fileRef = 2E15E79A1E4C2521005DBAF6 /* KKConnectSocketService.m */; };
		2E15E7A51E4C36FD005DBAF6 /* KK_ThreadSafeArray.m in Sources */ = {isa = PBXBuildFile; fileRef = 2E15E7A41E4C36FD005DBAF6 /* KK_ThreadSafeArray.m */; };
		2E15E7A81E4C38DB005DBAF6 /* KKMessageService.m in Sources */ = {isa = PBXBuildFile; fileRef = 2E15E7A71E4C38DB005DBAF6 /* KKMessageService.m */; };
		2E15E7AB1E4C3972005DBAF6 /* KKMsg.m in Sources */ = {isa = PBXBuildFile; fileRef = 2E15E7AA1E4C3972005DBAF6 /* KKMsg.m */; };
		2E942C161E4EB99200B15BCA /* KK_ThreadSafeDictionary.m in Sources */ = {isa = PBXBuildFile; fileRef = 2E942C151E4EB99200B15BCA /* KK_ThreadSafeDictionary.m */; };
		6B3276D954E00708901EC431 /* libPods-Client.a in Frameworks */ = {isa = PBXBuildFile; fileRef = 3361BDD564BEF00567B370E2 /* libPods-Client.a */; };
		81C439AB1E979F11003487D1 /* KKHeartBeatService.m in Sources */ = {isa = PBXBuildFile; fileRef = 81C439AA1E979F11003487D1 /* KKHeartBeatService.m */; };
/* End PBXBuildFile section */

/* Begin PBXFileReference section */
		101859591D797C79006929D1 /* NSDictionary+KS.h */ = {isa = PBXFileReference; fileEncoding = 4; lastKnownFileType = sourcecode.c.h; path = "NSDictionary+KS.h"; sourceTree = "<group>"; };
		1018595A1D797C79006929D1 /* NSDictionary+KS.m */ = {isa = PBXFileReference; fileEncoding = 4; lastKnownFileType = sourcecode.c.objc; path = "NSDictionary+KS.m"; sourceTree = "<group>"; };
		1067598C1D588E3C00956128 /* Message.pb.h */ = {isa = PBXFileReference; fileEncoding = 4; lastKnownFileType = sourcecode.c.h; path = Message.pb.h; sourceTree = "<group>"; };
		1067598D1D588E3C00956128 /* Message.pb.m */ = {isa = PBXFileReference; fileEncoding = 4; lastKnownFileType = sourcecode.c.objc; path = Message.pb.m; sourceTree = "<group>"; };
		1067598E1D588E3C00956128 /* Message.proto */ = {isa = PBXFileReference; fileEncoding = 4; lastKnownFileType = text; path = Message.proto; sourceTree = "<group>"; };
		106759991D59715400956128 /* MessageHandle.h */ = {isa = PBXFileReference; fileEncoding = 4; lastKnownFileType = sourcecode.c.h; path = MessageHandle.h; sourceTree = "<group>"; };
		1067599A1D59715400956128 /* MessageHandle.m */ = {isa = PBXFileReference; fileEncoding = 4; lastKnownFileType = sourcecode.c.objc; path = MessageHandle.m; sourceTree = "<group>"; };
		1097CDDB1D910995006E6A3A /* KKGCDTimer.h */ = {isa = PBXFileReference; fileEncoding = 4; lastKnownFileType = sourcecode.c.h; path = KKGCDTimer.h; sourceTree = "<group>"; };
		1097CDDC1D910995006E6A3A /* KKGCDTimer.m */ = {isa = PBXFileReference; fileEncoding = 4; lastKnownFileType = sourcecode.c.objc; path = KKGCDTimer.m; sourceTree = "<group>"; };
		1097CDDE1D91100D006E6A3A /* TCPConnectHandle.h */ = {isa = PBXFileReference; fileEncoding = 4; lastKnownFileType = sourcecode.c.h; path = TCPConnectHandle.h; sourceTree = "<group>"; };
		1097CDDF1D91100D006E6A3A /* TCPConnectHandle.m */ = {isa = PBXFileReference; fileEncoding = 4; lastKnownFileType = sourcecode.c.objc; path = TCPConnectHandle.m; sourceTree = "<group>"; };
		1097CDE11D911056006E6A3A /* Singleton.h */ = {isa = PBXFileReference; fileEncoding = 4; lastKnownFileType = sourcecode.c.h; path = Singleton.h; sourceTree = "<group>"; };
		10B326A71D2F38C400EE7ACF /* Client.app */ = {isa = PBXFileReference; explicitFileType = wrapper.application; includeInIndex = 0; path = Client.app; sourceTree = BUILT_PRODUCTS_DIR; };
		10B326AB1D2F38C400EE7ACF /* main.m */ = {isa = PBXFileReference; lastKnownFileType = sourcecode.c.objc; path = main.m; sourceTree = "<group>"; };
		10B326AD1D2F38C500EE7ACF /* AppDelegate.h */ = {isa = PBXFileReference; lastKnownFileType = sourcecode.c.h; path = AppDelegate.h; sourceTree = "<group>"; };
		10B326AE1D2F38C500EE7ACF /* AppDelegate.m */ = {isa = PBXFileReference; lastKnownFileType = sourcecode.c.objc; path = AppDelegate.m; sourceTree = "<group>"; };
		10B326B01D2F38C500EE7ACF /* ViewController.h */ = {isa = PBXFileReference; lastKnownFileType = sourcecode.c.h; path = ViewController.h; sourceTree = "<group>"; };
		10B326B11D2F38C500EE7ACF /* ViewController.m */ = {isa = PBXFileReference; lastKnownFileType = sourcecode.c.objc; path = ViewController.m; sourceTree = "<group>"; };
		10B326B41D2F38C500EE7ACF /* Base */ = {isa = PBXFileReference; lastKnownFileType = file.storyboard; name = Base; path = Base.lproj/Main.storyboard; sourceTree = "<group>"; };
		10B326B61D2F38C500EE7ACF /* Assets.xcassets */ = {isa = PBXFileReference; lastKnownFileType = folder.assetcatalog; path = Assets.xcassets; sourceTree = "<group>"; };
		10B326B91D2F38C500EE7ACF /* Base */ = {isa = PBXFileReference; lastKnownFileType = file.storyboard; name = Base; path = Base.lproj/LaunchScreen.storyboard; sourceTree = "<group>"; };
		10B326BB1D2F38C500EE7ACF /* Info.plist */ = {isa = PBXFileReference; lastKnownFileType = text.plist.xml; path = Info.plist; sourceTree = "<group>"; };
		2E15E7991E4C2521005DBAF6 /* KKConnectSocketService.h */ = {isa = PBXFileReference; fileEncoding = 4; lastKnownFileType = sourcecode.c.h; path = KKConnectSocketService.h; sourceTree = "<group>"; };
		2E15E79A1E4C2521005DBAF6 /* KKConnectSocketService.m */ = {isa = PBXFileReference; fileEncoding = 4; lastKnownFileType = sourcecode.c.objc; path = KKConnectSocketService.m; sourceTree = "<group>"; };
		2E15E7A31E4C36FD005DBAF6 /* KK_ThreadSafeArray.h */ = {isa = PBXFileReference; fileEncoding = 4; lastKnownFileType = sourcecode.c.h; path = KK_ThreadSafeArray.h; sourceTree = "<group>"; };
		2E15E7A41E4C36FD005DBAF6 /* KK_ThreadSafeArray.m */ = {isa = PBXFileReference; fileEncoding = 4; lastKnownFileType = sourcecode.c.objc; path = KK_ThreadSafeArray.m; sourceTree = "<group>"; };
		2E15E7A61E4C38DB005DBAF6 /* KKMessageService.h */ = {isa = PBXFileReference; fileEncoding = 4; lastKnownFileType = sourcecode.c.h; path = KKMessageService.h; sourceTree = "<group>"; };
		2E15E7A71E4C38DB005DBAF6 /* KKMessageService.m */ = {isa = PBXFileReference; fileEncoding = 4; lastKnownFileType = sourcecode.c.objc; path = KKMessageService.m; sourceTree = "<group>"; };
		2E15E7A91E4C3972005DBAF6 /* KKMsg.h */ = {isa = PBXFileReference; fileEncoding = 4; lastKnownFileType = sourcecode.c.h; path = KKMsg.h; sourceTree = "<group>"; };
		2E15E7AA1E4C3972005DBAF6 /* KKMsg.m */ = {isa = PBXFileReference; fileEncoding = 4; lastKnownFileType = sourcecode.c.objc; path = KKMsg.m; sourceTree = "<group>"; };
		2E942C141E4EB99200B15BCA /* KK_ThreadSafeDictionary.h */ = {isa = PBXFileReference; fileEncoding = 4; lastKnownFileType = sourcecode.c.h; path = KK_ThreadSafeDictionary.h; sourceTree = "<group>"; };
		2E942C151E4EB99200B15BCA /* KK_ThreadSafeDictionary.m */ = {isa = PBXFileReference; fileEncoding = 4; lastKnownFileType = sourcecode.c.objc; path = KK_ThreadSafeDictionary.m; sourceTree = "<group>"; };
		3361BDD564BEF00567B370E2 /* libPods-Client.a */ = {isa = PBXFileReference; explicitFileType = archive.ar; includeInIndex = 0; path = "libPods-Client.a"; sourceTree = BUILT_PRODUCTS_DIR; };
		60860B24AFF369A898403CD6 /* Pods-Client.release.xcconfig */ = {isa = PBXFileReference; includeInIndex = 1; lastKnownFileType = text.xcconfig; name = "Pods-Client.release.xcconfig"; path = "Pods/Target Support Files/Pods-Client/Pods-Client.release.xcconfig"; sourceTree = "<group>"; };
		81C439A91E979F11003487D1 /* KKHeartBeatService.h */ = {isa = PBXFileReference; fileEncoding = 4; lastKnownFileType = sourcecode.c.h; path = KKHeartBeatService.h; sourceTree = "<group>"; };
		81C439AA1E979F11003487D1 /* KKHeartBeatService.m */ = {isa = PBXFileReference; fileEncoding = 4; lastKnownFileType = sourcecode.c.objc; path = KKHeartBeatService.m; sourceTree = "<group>"; };
		B98D6A9392547D73FFEF65EB /* Pods-Client.debug.xcconfig */ = {isa = PBXFileReference; includeInIndex = 1; lastKnownFileType = text.xcconfig; name = "Pods-Client.debug.xcconfig"; path = "Pods/Target Support Files/Pods-Client/Pods-Client.debug.xcconfig"; sourceTree = "<group>"; };
/* End PBXFileReference section */

/* Begin PBXFrameworksBuildPhase section */
		10B326A41D2F38C400EE7ACF /* Frameworks */ = {
			isa = PBXFrameworksBuildPhase;
			buildActionMask = 2147483647;
			files = (
				6B3276D954E00708901EC431 /* libPods-Client.a in Frameworks */,
			);
			runOnlyForDeploymentPostprocessing = 0;
		};
/* End PBXFrameworksBuildPhase section */

/* Begin PBXGroup section */
		101859581D797C79006929D1 /* Category */ = {
			isa = PBXGroup;
			children = (
				101859591D797C79006929D1 /* NSDictionary+KS.h */,
				1018595A1D797C79006929D1 /* NSDictionary+KS.m */,
			);
			name = Category;
			path = ../../Category;
			sourceTree = "<group>";
		};
		1067592C1D5487F100956128 /* Other */ = {
			isa = PBXGroup;
			children = (
				10B326AD1D2F38C500EE7ACF /* AppDelegate.h */,
				10B326AE1D2F38C500EE7ACF /* AppDelegate.m */,
				10B326B31D2F38C500EE7ACF /* Main.storyboard */,
				10B326B61D2F38C500EE7ACF /* Assets.xcassets */,
				10B326B81D2F38C500EE7ACF /* LaunchScreen.storyboard */,
				10B326BB1D2F38C500EE7ACF /* Info.plist */,
				10B326AA1D2F38C400EE7ACF /* Supporting Files */,
			);
			name = Other;
			sourceTree = "<group>";
		};
		1067598B1D588E3C00956128 /* PhotoBufferHandle */ = {
			isa = PBXGroup;
			children = (
				1067598C1D588E3C00956128 /* Message.pb.h */,
				1067598D1D588E3C00956128 /* Message.pb.m */,
				1067598E1D588E3C00956128 /* Message.proto */,
				106759991D59715400956128 /* MessageHandle.h */,
				1067599A1D59715400956128 /* MessageHandle.m */,
			);
			name = PhotoBufferHandle;
			path = ../../PhotoBufferHandle;
			sourceTree = "<group>";
		};
		1097CDDA1D91098F006E6A3A /* Utils */ = {
			isa = PBXGroup;
			children = (
				2E15E7A31E4C36FD005DBAF6 /* KK_ThreadSafeArray.h */,
				2E15E7A41E4C36FD005DBAF6 /* KK_ThreadSafeArray.m */,
				2E942C141E4EB99200B15BCA /* KK_ThreadSafeDictionary.h */,
				2E942C151E4EB99200B15BCA /* KK_ThreadSafeDictionary.m */,
				1097CDE11D911056006E6A3A /* Singleton.h */,
				1097CDDB1D910995006E6A3A /* KKGCDTimer.h */,
				1097CDDC1D910995006E6A3A /* KKGCDTimer.m */,
			);
			path = Utils;
			sourceTree = "<group>";
		};
		10B3269E1D2F38C400EE7ACF = {
			isa = PBXGroup;
			children = (
				10B326A91D2F38C400EE7ACF /* Client */,
				10B326A81D2F38C400EE7ACF /* Products */,
				28F36D2D947C813D9786143E /* Pods */,
				97839C4D5743979860AAFA9C /* Frameworks */,
			);
			sourceTree = "<group>";
		};
		10B326A81D2F38C400EE7ACF /* Products */ = {
			isa = PBXGroup;
			children = (
				10B326A71D2F38C400EE7ACF /* Client.app */,
			);
			name = Products;
			sourceTree = "<group>";
		};
		10B326A91D2F38C400EE7ACF /* Client */ = {
			isa = PBXGroup;
			children = (
				2E15E7971E4C2521005DBAF6 /* Core */,
				1097CDDA1D91098F006E6A3A /* Utils */,
				101859581D797C79006929D1 /* Category */,
				1067598B1D588E3C00956128 /* PhotoBufferHandle */,
				1097CDDE1D91100D006E6A3A /* TCPConnectHandle.h */,
				1097CDDF1D91100D006E6A3A /* TCPConnectHandle.m */,
				10B326B01D2F38C500EE7ACF /* ViewController.h */,
				10B326B11D2F38C500EE7ACF /* ViewController.m */,
				1067592C1D5487F100956128 /* Other */,
			);
			path = Client;
			sourceTree = "<group>";
		};
		10B326AA1D2F38C400EE7ACF /* Supporting Files */ = {
			isa = PBXGroup;
			children = (
				10B326AB1D2F38C400EE7ACF /* main.m */,
			);
			name = "Supporting Files";
			sourceTree = "<group>";
		};
		28F36D2D947C813D9786143E /* Pods */ = {
			isa = PBXGroup;
			children = (
				B98D6A9392547D73FFEF65EB /* Pods-Client.debug.xcconfig */,
				60860B24AFF369A898403CD6 /* Pods-Client.release.xcconfig */,
			);
			name = Pods;
			sourceTree = "<group>";
		};
		2E15E7971E4C2521005DBAF6 /* Core */ = {
			isa = PBXGroup;
			children = (
				2E15E79D1E4C2521005DBAF6 /* MsgSender */,
				2E15E7981E4C2521005DBAF6 /* ConnectManager */,
			);
			path = Core;
			sourceTree = "<group>";
		};
		2E15E7981E4C2521005DBAF6 /* ConnectManager */ = {
			isa = PBXGroup;
			children = (
				81C439A91E979F11003487D1 /* KKHeartBeatService.h */,
				81C439AA1E979F11003487D1 /* KKHeartBeatService.m */,
				2E15E7991E4C2521005DBAF6 /* KKConnectSocketService.h */,
				2E15E79A1E4C2521005DBAF6 /* KKConnectSocketService.m */,
			);
			path = ConnectManager;
			sourceTree = "<group>";
		};
		2E15E79D1E4C2521005DBAF6 /* MsgSender */ = {
			isa = PBXGroup;
			children = (
				2E15E7A61E4C38DB005DBAF6 /* KKMessageService.h */,
				2E15E7A71E4C38DB005DBAF6 /* KKMessageService.m */,
				2E15E7A91E4C3972005DBAF6 /* KKMsg.h */,
				2E15E7AA1E4C3972005DBAF6 /* KKMsg.m */,
			);
			path = MsgSender;
			sourceTree = "<group>";
		};
		97839C4D5743979860AAFA9C /* Frameworks */ = {
			isa = PBXGroup;
			children = (
				3361BDD564BEF00567B370E2 /* libPods-Client.a */,
			);
			name = Frameworks;
			sourceTree = "<group>";
		};
/* End PBXGroup section */

/* Begin PBXNativeTarget section */
		10B326A61D2F38C400EE7ACF /* Client */ = {
			isa = PBXNativeTarget;
			buildConfigurationList = 10B326BE1D2F38C500EE7ACF /* Build configuration list for PBXNativeTarget "Client" */;
			buildPhases = (
				2574505147E44802C79D0DE9 /* [CP] Check Pods Manifest.lock */,
				10B326A31D2F38C400EE7ACF /* Sources */,
				10B326A41D2F38C400EE7ACF /* Frameworks */,
				10B326A51D2F38C400EE7ACF /* Resources */,
				D33A6167B10A3CC9767D5761 /* [CP] Embed Pods Frameworks */,
				044C9E0812412D807B7383FA /* [CP] Copy Pods Resources */,
			);
			buildRules = (
			);
			dependencies = (
			);
			name = Client;
			productName = Client;
			productReference = 10B326A71D2F38C400EE7ACF /* Client.app */;
			productType = "com.apple.product-type.application";
		};
/* End PBXNativeTarget section */

/* Begin PBXProject section */
		10B3269F1D2F38C400EE7ACF /* Project object */ = {
			isa = PBXProject;
			attributes = {
				LastUpgradeCheck = 0830;
				ORGANIZATIONNAME = SenKe;
				TargetAttributes = {
					10B326A61D2F38C400EE7ACF = {
						CreatedOnToolsVersion = 7.3.1;
						DevelopmentTeam = 33UJTTK2KL;
					};
				};
			};
			buildConfigurationList = 10B326A21D2F38C400EE7ACF /* Build configuration list for PBXProject "Client" */;
			compatibilityVersion = "Xcode 3.2";
			developmentRegion = English;
			hasScannedForEncodings = 0;
			knownRegions = (
				en,
				Base,
			);
			mainGroup = 10B3269E1D2F38C400EE7ACF;
			productRefGroup = 10B326A81D2F38C400EE7ACF /* Products */;
			projectDirPath = "";
			projectRoot = "";
			targets = (
				10B326A61D2F38C400EE7ACF /* Client */,
			);
		};
/* End PBXProject section */

/* Begin PBXResourcesBuildPhase section */
		10B326A51D2F38C400EE7ACF /* Resources */ = {
			isa = PBXResourcesBuildPhase;
			buildActionMask = 2147483647;
			files = (
				106759901D588E3C00956128 /* Message.proto in Resources */,
				10B326BA1D2F38C500EE7ACF /* LaunchScreen.storyboard in Resources */,
				10B326B71D2F38C500EE7ACF /* Assets.xcassets in Resources */,
				10B326B51D2F38C500EE7ACF /* Main.storyboard in Resources */,
			);
			runOnlyForDeploymentPostprocessing = 0;
		};
/* End PBXResourcesBuildPhase section */

/* Begin PBXShellScriptBuildPhase section */
		044C9E0812412D807B7383FA /* [CP] Copy Pods Resources */ = {
			isa = PBXShellScriptBuildPhase;
			buildActionMask = 2147483647;
			files = (
			);
			inputPaths = (
			);
			name = "[CP] Copy Pods Resources";
			outputPaths = (
			);
			runOnlyForDeploymentPostprocessing = 0;
			shellPath = /bin/sh;
			shellScript = "\"${SRCROOT}/Pods/Target Support Files/Pods-Client/Pods-Client-resources.sh\"\n";
			showEnvVarsInLog = 0;
		};
		2574505147E44802C79D0DE9 /* [CP] Check Pods Manifest.lock */ = {
			isa = PBXShellScriptBuildPhase;
			buildActionMask = 2147483647;
			files = (
			);
			inputPaths = (
			);
			name = "[CP] Check Pods Manifest.lock";
			outputPaths = (
			);
			runOnlyForDeploymentPostprocessing = 0;
			shellPath = /bin/sh;
			shellScript = "diff \"${PODS_ROOT}/../Podfile.lock\" \"${PODS_ROOT}/Manifest.lock\" > /dev/null\nif [ $? != 0 ] ; then\n    # print error to STDERR\n    echo \"error: The sandbox is not in sync with the Podfile.lock. Run 'pod install' or update your CocoaPods installation.\" >&2\n    exit 1\nfi\n";
			showEnvVarsInLog = 0;
		};
		D33A6167B10A3CC9767D5761 /* [CP] Embed Pods Frameworks */ = {
			isa = PBXShellScriptBuildPhase;
			buildActionMask = 2147483647;
			files = (
			);
			inputPaths = (
			);
			name = "[CP] Embed Pods Frameworks";
			outputPaths = (
			);
			runOnlyForDeploymentPostprocessing = 0;
			shellPath = /bin/sh;
			shellScript = "\"${SRCROOT}/Pods/Target Support Files/Pods-Client/Pods-Client-frameworks.sh\"\n";
			showEnvVarsInLog = 0;
		};
/* End PBXShellScriptBuildPhase section */

/* Begin PBXSourcesBuildPhase section */
		10B326A31D2F38C400EE7ACF /* Sources */ = {
			isa = PBXSourcesBuildPhase;
			buildActionMask = 2147483647;
			files = (
				1018595B1D797C79006929D1 /* NSDictionary+KS.m in Sources */,
				1067598F1D588E3C00956128 /* Message.pb.m in Sources */,
				2E15E79E1E4C2521005DBAF6 /* KKConnectSocketService.m in Sources */,
				1097CDE01D91100D006E6A3A /* TCPConnectHandle.m in Sources */,
				2E942C161E4EB99200B15BCA /* KK_ThreadSafeDictionary.m in Sources */,
				10B326B21D2F38C500EE7ACF /* ViewController.m in Sources */,
				10B326AF1D2F38C500EE7ACF /* AppDelegate.m in Sources */,
				2E15E7AB1E4C3972005DBAF6 /* KKMsg.m in Sources */,
				81C439AB1E979F11003487D1 /* KKHeartBeatService.m in Sources */,
				2E15E7A81E4C38DB005DBAF6 /* KKMessageService.m in Sources */,
				2E15E7A51E4C36FD005DBAF6 /* KK_ThreadSafeArray.m in Sources */,
				1097CDDD1D910995006E6A3A /* KKGCDTimer.m in Sources */,
				10B326AC1D2F38C400EE7ACF /* main.m in Sources */,
				1067599B1D59715400956128 /* MessageHandle.m in Sources */,
			);
			runOnlyForDeploymentPostprocessing = 0;
		};
/* End PBXSourcesBuildPhase section */

/* Begin PBXVariantGroup section */
		10B326B31D2F38C500EE7ACF /* Main.storyboard */ = {
			isa = PBXVariantGroup;
			children = (
				10B326B41D2F38C500EE7ACF /* Base */,
			);
			name = Main.storyboard;
			sourceTree = "<group>";
		};
		10B326B81D2F38C500EE7ACF /* LaunchScreen.storyboard */ = {
			isa = PBXVariantGroup;
			children = (
				10B326B91D2F38C500EE7ACF /* Base */,
			);
			name = LaunchScreen.storyboard;
			sourceTree = "<group>";
		};
/* End PBXVariantGroup section */

/* Begin XCBuildConfiguration section */
		10B326BC1D2F38C500EE7ACF /* Debug */ = {
			isa = XCBuildConfiguration;
			buildSettings = {
				ALWAYS_SEARCH_USER_PATHS = NO;
				CLANG_ANALYZER_NONNULL = YES;
				CLANG_CXX_LANGUAGE_STANDARD = "gnu++0x";
				CLANG_CXX_LIBRARY = "libc++";
				CLANG_ENABLE_MODULES = YES;
				CLANG_ENABLE_OBJC_ARC = YES;
				CLANG_WARN_BOOL_CONVERSION = YES;
				CLANG_WARN_CONSTANT_CONVERSION = YES;
				CLANG_WARN_DIRECT_OBJC_ISA_USAGE = YES_ERROR;
				CLANG_WARN_EMPTY_BODY = YES;
				CLANG_WARN_ENUM_CONVERSION = YES;
				CLANG_WARN_INFINITE_RECURSION = YES;
				CLANG_WARN_INT_CONVERSION = YES;
				CLANG_WARN_OBJC_ROOT_CLASS = YES_ERROR;
				CLANG_WARN_SUSPICIOUS_MOVE = YES;
				CLANG_WARN_UNREACHABLE_CODE = YES;
				CLANG_WARN__DUPLICATE_METHOD_MATCH = YES;
				"CODE_SIGN_IDENTITY[sdk=iphoneos*]" = "iPhone Developer";
				COPY_PHASE_STRIP = NO;
				DEBUG_INFORMATION_FORMAT = dwarf;
				ENABLE_STRICT_OBJC_MSGSEND = YES;
				ENABLE_TESTABILITY = YES;
				GCC_C_LANGUAGE_STANDARD = gnu99;
				GCC_DYNAMIC_NO_PIC = NO;
				GCC_NO_COMMON_BLOCKS = YES;
				GCC_OPTIMIZATION_LEVEL = 0;
				GCC_PREPROCESSOR_DEFINITIONS = (
					"DEBUG=1",
					"$(inherited)",
				);
				GCC_WARN_64_TO_32_BIT_CONVERSION = YES;
				GCC_WARN_ABOUT_RETURN_TYPE = YES_ERROR;
				GCC_WARN_UNDECLARED_SELECTOR = YES;
				GCC_WARN_UNINITIALIZED_AUTOS = YES_AGGRESSIVE;
				GCC_WARN_UNUSED_FUNCTION = YES;
				GCC_WARN_UNUSED_VARIABLE = YES;
				IPHONEOS_DEPLOYMENT_TARGET = 9.3;
				MTL_ENABLE_DEBUG_INFO = YES;
				ONLY_ACTIVE_ARCH = YES;
				SDKROOT = iphoneos;
			};
			name = Debug;
		};
		10B326BD1D2F38C500EE7ACF /* Release */ = {
			isa = XCBuildConfiguration;
			buildSettings = {
				ALWAYS_SEARCH_USER_PATHS = NO;
				CLANG_ANALYZER_NONNULL = YES;
				CLANG_CXX_LANGUAGE_STANDARD = "gnu++0x";
				CLANG_CXX_LIBRARY = "libc++";
				CLANG_ENABLE_MODULES = YES;
				CLANG_ENABLE_OBJC_ARC = YES;
				CLANG_WARN_BOOL_CONVERSION = YES;
				CLANG_WARN_CONSTANT_CONVERSION = YES;
				CLANG_WARN_DIRECT_OBJC_ISA_USAGE = YES_ERROR;
				CLANG_WARN_EMPTY_BODY = YES;
				CLANG_WARN_ENUM_CONVERSION = YES;
				CLANG_WARN_INFINITE_RECURSION = YES;
				CLANG_WARN_INT_CONVERSION = YES;
				CLANG_WARN_OBJC_ROOT_CLASS = YES_ERROR;
				CLANG_WARN_SUSPICIOUS_MOVE = YES;
				CLANG_WARN_UNREACHABLE_CODE = YES;
				CLANG_WARN__DUPLICATE_METHOD_MATCH = YES;
				"CODE_SIGN_IDENTITY[sdk=iphoneos*]" = "iPhone Developer";
				COPY_PHASE_STRIP = NO;
				DEBUG_INFORMATION_FORMAT = "dwarf-with-dsym";
				ENABLE_NS_ASSERTIONS = NO;
				ENABLE_STRICT_OBJC_MSGSEND = YES;
				GCC_C_LANGUAGE_STANDARD = gnu99;
				GCC_NO_COMMON_BLOCKS = YES;
				GCC_WARN_64_TO_32_BIT_CONVERSION = YES;
				GCC_WARN_ABOUT_RETURN_TYPE = YES_ERROR;
				GCC_WARN_UNDECLARED_SELECTOR = YES;
				GCC_WARN_UNINITIALIZED_AUTOS = YES_AGGRESSIVE;
				GCC_WARN_UNUSED_FUNCTION = YES;
				GCC_WARN_UNUSED_VARIABLE = YES;
				IPHONEOS_DEPLOYMENT_TARGET = 9.3;
				MTL_ENABLE_DEBUG_INFO = NO;
				SDKROOT = iphoneos;
				VALIDATE_PRODUCT = YES;
			};
			name = Release;
		};
		10B326BF1D2F38C500EE7ACF /* Debug */ = {
			isa = XCBuildConfiguration;
			baseConfigurationReference = B98D6A9392547D73FFEF65EB /* Pods-Client.debug.xcconfig */;
			buildSettings = {
				ASSETCATALOG_COMPILER_APPICON_NAME = AppIcon;
				DEVELOPMENT_TEAM = 33UJTTK2KL;
				INFOPLIST_FILE = Client/Info.plist;
				IPHONEOS_DEPLOYMENT_TARGET = 9.0;
				LD_RUNPATH_SEARCH_PATHS = "$(inherited) @executable_path/Frameworks";
				PRODUCT_BUNDLE_IDENTIFIER = com.SenKe.Client;
				PRODUCT_NAME = "$(TARGET_NAME)";
			};
			name = Debug;
		};
		10B326C01D2F38C500EE7ACF /* Release */ = {
			isa = XCBuildConfiguration;
			baseConfigurationReference = 60860B24AFF369A898403CD6 /* Pods-Client.release.xcconfig */;
			buildSettings = {
				ASSETCATALOG_COMPILER_APPICON_NAME = AppIcon;
				DEVELOPMENT_TEAM = 33UJTTK2KL;
				INFOPLIST_FILE = Client/Info.plist;
				IPHONEOS_DEPLOYMENT_TARGET = 9.0;
				LD_RUNPATH_SEARCH_PATHS = "$(inherited) @executable_path/Frameworks";
				PRODUCT_BUNDLE_IDENTIFIER = com.SenKe.Client;
				PRODUCT_NAME = "$(TARGET_NAME)";
			};
			name = Release;
		};
/* End XCBuildConfiguration section */

/* Begin XCConfigurationList section */
		10B326A21D2F38C400EE7ACF /* Build configuration list for PBXProject "Client" */ = {
			isa = XCConfigurationList;
			buildConfigurations = (
				10B326BC1D2F38C500EE7ACF /* Debug */,
				10B326BD1D2F38C500EE7ACF /* Release */,
			);
			defaultConfigurationIsVisible = 0;
			defaultConfigurationName = Release;
		};
		10B326BE1D2F38C500EE7ACF /* Build configuration list for PBXNativeTarget "Client" */ = {
			isa = XCConfigurationList;
			buildConfigurations = (
				10B326BF1D2F38C500EE7ACF /* Debug */,
				10B326C01D2F38C500EE7ACF /* Release */,
			);
			defaultConfigurationIsVisible = 0;
			defaultConfigurationName = Release;
		};
/* End XCConfigurationList section */
	};
	rootObject = 10B3269F1D2F38C400EE7ACF /* Project object */;
}
